// !$*UTF8*$!
{
	archiveVersion = 1;
	classes = {
	};
	objectVersion = 44;
	objects = {

/* Begin PBXBuildFile section */
		0625C76F13CAC89000D6EB7C /* ocs_logo.icns in Resources */ = {isa = PBXBuildFile; fileRef = 0625C76E13CAC89000D6EB7C /* ocs_logo.icns */; };
		0649FB3414D9E198001EC640 /* Localizable.strings in Resources */ = {isa = PBXBuildFile; fileRef = 0649FB3314D9E198001EC640 /* Localizable.strings */; };
		06C39B371394ADB20047198A /* CoreData.framework in Frameworks */ = {isa = PBXBuildFile; fileRef = 06C39B361394ADB20047198A /* CoreData.framework */; };
		06C39B381394ADB20047198A /* CoreData.framework in Frameworks */ = {isa = PBXBuildFile; fileRef = 06C39B361394ADB20047198A /* CoreData.framework */; };
		06C39B3A1394ADDF0047198A /* AppKit.framework in Frameworks */ = {isa = PBXBuildFile; fileRef = 06C39B391394ADDF0047198A /* AppKit.framework */; };
		06C39B3B1394ADDF0047198A /* AppKit.framework in Frameworks */ = {isa = PBXBuildFile; fileRef = 06C39B391394ADDF0047198A /* AppKit.framework */; };
		06C39BCE1394B5600047198A /* Security.framework in Frameworks */ = {isa = PBXBuildFile; fileRef = 06C39BCD1394B5600047198A /* Security.framework */; };
		06C39BCF1394B5600047198A /* Security.framework in Frameworks */ = {isa = PBXBuildFile; fileRef = 06C39BCD1394B5600047198A /* Security.framework */; };
		06D657B4134FDBFF00981FE3 /* ocscontact.m in Sources */ = {isa = PBXBuildFile; fileRef = 06D657B3134FDBFF00981FE3 /* ocscontact.m */; };
		8D11072B0486CEB800E47090 /* InfoPlist.strings in Resources */ = {isa = PBXBuildFile; fileRef = 089C165CFE840E0CC02AAC07 /* InfoPlist.strings */; };
		8D11072D0486CEB800E47090 /* main.m in Sources */ = {isa = PBXBuildFile; fileRef = 29B97316FDCFA39411CA2CEA /* main.m */; settings = {ATTRIBUTES = (); }; };
		8D11072F0486CEB800E47090 /* Cocoa.framework in Frameworks */ = {isa = PBXBuildFile; fileRef = 1058C7A1FEA54F0111CA2CBB /* Cocoa.framework */; };
		EE2C4E5B0DF1CA5800171780 /* GetPID.c in Sources */ = {isa = PBXBuildFile; fileRef = EE2C4E590DF1CA5800171780 /* GetPID.c */; };
/* End PBXBuildFile section */

/* Begin PBXFileReference section */
		0625C76E13CAC89000D6EB7C /* ocs_logo.icns */ = {isa = PBXFileReference; lastKnownFileType = image.icns; name = ocs_logo.icns; path = icons/ocs_logo.icns; sourceTree = "<group>"; };
		0649FB3114D9E191001EC640 /* English */ = {isa = PBXFileReference; fileEncoding = 4; lastKnownFileType = text.plist.strings; name = English; path = English.lproj/Localizable.strings; sourceTree = "<group>"; };
		0649FB3514D9E1AA001EC640 /* French */ = {isa = PBXFileReference; lastKnownFileType = text.plist.strings; name = French; path = French.lproj/Localizable.strings; sourceTree = "<group>"; };
		06C39B361394ADB20047198A /* CoreData.framework */ = {isa = PBXFileReference; lastKnownFileType = wrapper.framework; name = CoreData.framework; path = /System/Library/Frameworks/CoreData.framework; sourceTree = "<absolute>"; };
		06C39B391394ADDF0047198A /* AppKit.framework */ = {isa = PBXFileReference; lastKnownFileType = wrapper.framework; name = AppKit.framework; path = /System/Library/Frameworks/AppKit.framework; sourceTree = "<absolute>"; };
		06C39BCD1394B5600047198A /* Security.framework */ = {isa = PBXFileReference; lastKnownFileType = wrapper.framework; name = Security.framework; path = /System/Library/Frameworks/Security.framework; sourceTree = "<absolute>"; };
		06D65785134FD5B800981FE3 /* ocscontact-Info.plist */ = {isa = PBXFileReference; lastKnownFileType = text.plist.xml; path = "ocscontact-Info.plist"; sourceTree = "<group>"; };
		06D657A7134FD97A00981FE3 /* ocscontact */ = {isa = PBXFileReference; explicitFileType = "compiled.mach-o.executable"; includeInIndex = 0; path = ocscontact; sourceTree = BUILT_PRODUCTS_DIR; };
		06D657B2134FDBFF00981FE3 /* ocscontact.h */ = {isa = PBXFileReference; fileEncoding = 4; lastKnownFileType = sourcecode.c.h; path = ocscontact.h; sourceTree = "<group>"; };
		06D657B3134FDBFF00981FE3 /* ocscontact.m */ = {isa = PBXFileReference; fileEncoding = 4; lastKnownFileType = sourcecode.c.objc; path = ocscontact.m; sourceTree = "<group>"; };
		089C165DFE840E0CC02AAC07 /* English */ = {isa = PBXFileReference; fileEncoding = 10; lastKnownFileType = text.plist.strings; name = English; path = English.lproj/InfoPlist.strings; sourceTree = "<group>"; };
		1058C7A1FEA54F0111CA2CBB /* Cocoa.framework */ = {isa = PBXFileReference; lastKnownFileType = wrapper.framework; name = Cocoa.framework; path = /System/Library/Frameworks/Cocoa.framework; sourceTree = "<absolute>"; };
		29B97316FDCFA39411CA2CEA /* main.m */ = {isa = PBXFileReference; fileEncoding = 4; lastKnownFileType = sourcecode.c.objc; path = main.m; sourceTree = "<group>"; };
		29B97325FDCFA39411CA2CEA /* Foundation.framework */ = {isa = PBXFileReference; lastKnownFileType = wrapper.framework; name = Foundation.framework; path = /System/Library/Frameworks/Foundation.framework; sourceTree = "<absolute>"; };
		32CA4F630368D1EE00C91783 /* OCSNG_Prefix.pch */ = {isa = PBXFileReference; fileEncoding = 4; lastKnownFileType = sourcecode.c.h; path = OCSNG_Prefix.pch; sourceTree = "<group>"; };
		8D1107310486CEB800E47090 /* Info.plist */ = {isa = PBXFileReference; fileEncoding = 4; lastKnownFileType = text.plist.xml; path = Info.plist; sourceTree = "<group>"; };
		8D1107320486CEB800E47090 /* OCSNG.app */ = {isa = PBXFileReference; explicitFileType = wrapper.application; includeInIndex = 0; path = OCSNG.app; sourceTree = BUILT_PRODUCTS_DIR; };
		EE2C4E590DF1CA5800171780 /* GetPID.c */ = {isa = PBXFileReference; fileEncoding = 4; lastKnownFileType = sourcecode.c.c; path = GetPID.c; sourceTree = "<group>"; };
		EE2C4E5A0DF1CA5800171780 /* GetPID.h */ = {isa = PBXFileReference; fileEncoding = 4; lastKnownFileType = sourcecode.c.h; path = GetPID.h; sourceTree = "<group>"; };
/* End PBXFileReference section */

/* Begin PBXFrameworksBuildPhase section */
		06D657A5134FD97A00981FE3 /* Frameworks */ = {
			isa = PBXFrameworksBuildPhase;
			buildActionMask = 2147483647;
			files = (
				06C39B371394ADB20047198A /* CoreData.framework in Frameworks */,
				06C39B3A1394ADDF0047198A /* AppKit.framework in Frameworks */,
				06C39BCE1394B5600047198A /* Security.framework in Frameworks */,
			);
			runOnlyForDeploymentPostprocessing = 0;
		};
		8D11072E0486CEB800E47090 /* Frameworks */ = {
			isa = PBXFrameworksBuildPhase;
			buildActionMask = 2147483647;
			files = (
				8D11072F0486CEB800E47090 /* Cocoa.framework in Frameworks */,
				06C39B381394ADB20047198A /* CoreData.framework in Frameworks */,
				06C39B3B1394ADDF0047198A /* AppKit.framework in Frameworks */,
				06C39BCF1394B5600047198A /* Security.framework in Frameworks */,
			);
			runOnlyForDeploymentPostprocessing = 0;
		};
/* End PBXFrameworksBuildPhase section */

/* Begin PBXGroup section */
		080E96DDFE201D6D7F000001 /* Classes */ = {
			isa = PBXGroup;
			children = (
				29B97316FDCFA39411CA2CEA /* main.m */,
			);
			name = Classes;
			sourceTree = "<group>";
		};
		1058C7A0FEA54F0111CA2CBB /* Linked Frameworks */ = {
			isa = PBXGroup;
			children = (
				1058C7A1FEA54F0111CA2CBB /* Cocoa.framework */,
			);
			name = "Linked Frameworks";
			sourceTree = "<group>";
		};
		1058C7A2FEA54F0111CA2CBB /* Other Frameworks */ = {
			isa = PBXGroup;
			children = (
				06C39BCD1394B5600047198A /* Security.framework */,
				06C39B391394ADDF0047198A /* AppKit.framework */,
				06C39B361394ADB20047198A /* CoreData.framework */,
				29B97325FDCFA39411CA2CEA /* Foundation.framework */,
			);
			name = "Other Frameworks";
			sourceTree = "<group>";
		};
		19C28FACFE9D520D11CA2CBB /* Products */ = {
			isa = PBXGroup;
			children = (
				8D1107320486CEB800E47090 /* OCSNG.app */,
				06D657A7134FD97A00981FE3 /* ocscontact */,
			);
			name = Products;
			sourceTree = "<group>";
		};
		29B97314FDCFA39411CA2CEA /* OCSNG */ = {
			isa = PBXGroup;
			children = (
				080E96DDFE201D6D7F000001 /* Classes */,
				29B97315FDCFA39411CA2CEA /* Other Sources */,
				29B97317FDCFA39411CA2CEA /* Resources */,
				29B97323FDCFA39411CA2CEA /* Frameworks */,
				19C28FACFE9D520D11CA2CBB /* Products */,
				06D65785134FD5B800981FE3 /* ocscontact-Info.plist */,
			);
			name = OCSNG;
			sourceTree = "<group>";
		};
		29B97315FDCFA39411CA2CEA /* Other Sources */ = {
			isa = PBXGroup;
			children = (
				06D657B2134FDBFF00981FE3 /* ocscontact.h */,
				06D657B3134FDBFF00981FE3 /* ocscontact.m */,
				EE2C4E590DF1CA5800171780 /* GetPID.c */,
				EE2C4E5A0DF1CA5800171780 /* GetPID.h */,
				32CA4F630368D1EE00C91783 /* OCSNG_Prefix.pch */,
			);
			name = "Other Sources";
			sourceTree = "<group>";
		};
		29B97317FDCFA39411CA2CEA /* Resources */ = {
			isa = PBXGroup;
			children = (
				0625C76E13CAC89000D6EB7C /* ocs_logo.icns */,
				8D1107310486CEB800E47090 /* Info.plist */,
				089C165CFE840E0CC02AAC07 /* InfoPlist.strings */,
				0649FB3314D9E198001EC640 /* Localizable.strings */,
			);
			name = Resources;
			sourceTree = "<group>";
		};
		29B97323FDCFA39411CA2CEA /* Frameworks */ = {
			isa = PBXGroup;
			children = (
				1058C7A0FEA54F0111CA2CBB /* Linked Frameworks */,
				1058C7A2FEA54F0111CA2CBB /* Other Frameworks */,
			);
			name = Frameworks;
			sourceTree = "<group>";
		};
/* End PBXGroup section */

/* Begin PBXNativeTarget section */
		06D657A6134FD97A00981FE3 /* ocscontact */ = {
			isa = PBXNativeTarget;
			buildConfigurationList = 06D657A9134FD99800981FE3 /* Build configuration list for PBXNativeTarget "ocscontact" */;
			buildPhases = (
				06D657A4134FD97A00981FE3 /* Sources */,
				06D657A5134FD97A00981FE3 /* Frameworks */,
			);
			buildRules = (
			);
			dependencies = (
			);
			name = ocscontact;
			productName = ocscontact;
			productReference = 06D657A7134FD97A00981FE3 /* ocscontact */;
			productType = "com.apple.product-type.tool";
		};
		8D1107260486CEB800E47090 /* OCSNG */ = {
			isa = PBXNativeTarget;
			buildConfigurationList = C01FCF4A08A954540054247B /* Build configuration list for PBXNativeTarget "OCSNG" */;
			buildPhases = (
				8D1107290486CEB800E47090 /* Resources */,
				8D11072C0486CEB800E47090 /* Sources */,
				8D11072E0486CEB800E47090 /* Frameworks */,
			);
			buildRules = (
			);
			dependencies = (
			);
			name = OCSNG;
			productInstallPath = "$(HOME)/Applications";
			productName = OCSNG;
			productReference = 8D1107320486CEB800E47090 /* OCSNG.app */;
			productType = "com.apple.product-type.application";
		};
/* End PBXNativeTarget section */

/* Begin PBXProject section */
		29B97313FDCFA39411CA2CEA /* Project object */ = {
			isa = PBXProject;
			buildConfigurationList = C01FCF4E08A954540054247B /* Build configuration list for PBXProject "OCSNG" */;
			compatibilityVersion = "Xcode 3.0";
			developmentRegion = English;
			hasScannedForEncodings = 1;
			knownRegions = (
				English,
				Japanese,
				French,
				German,
			);
			mainGroup = 29B97314FDCFA39411CA2CEA /* OCSNG */;
			projectDirPath = "";
			projectRoot = "";
			targets = (
				8D1107260486CEB800E47090 /* OCSNG */,
				06D657A6134FD97A00981FE3 /* ocscontact */,
			);
		};
/* End PBXProject section */

/* Begin PBXResourcesBuildPhase section */
		8D1107290486CEB800E47090 /* Resources */ = {
			isa = PBXResourcesBuildPhase;
			buildActionMask = 2147483647;
			files = (
				8D11072B0486CEB800E47090 /* InfoPlist.strings in Resources */,
				0625C76F13CAC89000D6EB7C /* ocs_logo.icns in Resources */,
				0649FB3414D9E198001EC640 /* Localizable.strings in Resources */,
			);
			runOnlyForDeploymentPostprocessing = 0;
		};
/* End PBXResourcesBuildPhase section */

/* Begin PBXSourcesBuildPhase section */
		06D657A4134FD97A00981FE3 /* Sources */ = {
			isa = PBXSourcesBuildPhase;
			buildActionMask = 2147483647;
			files = (
				06D657B4134FDBFF00981FE3 /* ocscontact.m in Sources */,
			);
			runOnlyForDeploymentPostprocessing = 0;
		};
		8D11072C0486CEB800E47090 /* Sources */ = {
			isa = PBXSourcesBuildPhase;
			buildActionMask = 2147483647;
			files = (
				8D11072D0486CEB800E47090 /* main.m in Sources */,
				EE2C4E5B0DF1CA5800171780 /* GetPID.c in Sources */,
			);
			runOnlyForDeploymentPostprocessing = 0;
		};
/* End PBXSourcesBuildPhase section */

/* Begin PBXVariantGroup section */
		0649FB3314D9E198001EC640 /* Localizable.strings */ = {
			isa = PBXVariantGroup;
			children = (
				0649FB3114D9E191001EC640 /* English */,
				0649FB3514D9E1AA001EC640 /* French */,
			);
			name = Localizable.strings;
			sourceTree = "<group>";
		};
		089C165CFE840E0CC02AAC07 /* InfoPlist.strings */ = {
			isa = PBXVariantGroup;
			children = (
				089C165DFE840E0CC02AAC07 /* English */,
			);
			name = InfoPlist.strings;
			sourceTree = "<group>";
		};
/* End PBXVariantGroup section */

/* Begin XCBuildConfiguration section */
		06D657AA134FD99800981FE3 /* Debug */ = {
			isa = XCBuildConfiguration;
			buildSettings = {
				ARCHS = (
					i386,
					ppc,
				);
				COPY_PHASE_STRIP = NO;
				GCC_DYNAMIC_NO_PIC = NO;
				GCC_ENABLE_FIX_AND_CONTINUE = YES;
				GCC_GENERATE_DEBUGGING_SYMBOLS = YES;
				GCC_MODEL_TUNING = G5;
				GCC_OPTIMIZATION_LEVEL = 0;
				GCC_PRECOMPILE_PREFIX_HEADER = YES;
				GCC_PREFIX_HEADER = "$(SYSTEM_LIBRARY_DIR)/Frameworks/AppKit.framework/Headers/AppKit.h";
				GCC_VERSION = 4.0;
				INSTALL_PATH = "$(HOME)/bin";
				OBJROOT = build;
				OTHER_LDFLAGS = (
					"-framework",
					Foundation,
					"-framework",
					AppKit,
				);
				PREBINDING = NO;
				PRODUCT_NAME = ocscontact;
				SYMROOT = build;
				ZERO_LINK = NO;
			};
			name = Debug;
		};
		06D657AB134FD99800981FE3 /* Release */ = {
			isa = XCBuildConfiguration;
			buildSettings = {
				ARCHS = (
					i386,
					ppc,
					x86_64,
				);
				COPY_PHASE_STRIP = YES;
				GCC_ENABLE_FIX_AND_CONTINUE = NO;
				GCC_GENERATE_DEBUGGING_SYMBOLS = NO;
				GCC_MODEL_TUNING = G5;
				GCC_PRECOMPILE_PREFIX_HEADER = YES;
				GCC_PREFIX_HEADER = "$(SYSTEM_LIBRARY_DIR)/Frameworks/AppKit.framework/Headers/AppKit.h";
				GCC_VERSION = 4.0;
				INSTALL_PATH = /Applications;
				OBJROOT = build;
				OTHER_LDFLAGS = (
					"-framework",
					Foundation,
					"-framework",
					AppKit,
				);
				PREBINDING = NO;
				PRODUCT_NAME = ocscontact;
				SDKROOT = "$(DEVELOPER_SDK_DIR)/MacOSX10.6.sdk";
				SKIP_INSTALL = YES;
				SYMROOT = build;
				ZERO_LINK = NO;
			};
			name = Release;
		};
		C01FCF4B08A954540054247B /* Debug */ = {
			isa = XCBuildConfiguration;
			buildSettings = {
				ADDITIONAL_SDKS = "";
				ARCHS = (
					i386,
					ppc,
				);
				COPY_PHASE_STRIP = NO;
				GCC_DYNAMIC_NO_PIC = NO;
				GCC_ENABLE_FIX_AND_CONTINUE = YES;
				GCC_MODEL_TUNING = G5;
				GCC_OPTIMIZATION_LEVEL = 0;
				GCC_PRECOMPILE_PREFIX_HEADER = YES;
				GCC_PREFIX_HEADER = OCSNG_Prefix.pch;
				GCC_VERSION = 4.0;
				INFOPLIST_FILE = Info.plist;
				INSTALL_PATH = "$(HOME)/Applications";
				OBJROOT = build;
				PRODUCT_NAME = OCSNG;
				SYMROOT = build;
				VALID_ARCHS = "ppc64 ppc7400 ppc970 i386 x86_64 ppc";
				WRAPPER_EXTENSION = app;
				ZERO_LINK = "";
			};
			name = Debug;
		};
		C01FCF4C08A954540054247B /* Release */ = {
			isa = XCBuildConfiguration;
			buildSettings = {
				ARCHS = (
					i386,
					ppc,
					x86_64,
				);
				DEBUG_INFORMATION_FORMAT = "dwarf-with-dsym";
				GCC_MODEL_TUNING = G5;
				GCC_PRECOMPILE_PREFIX_HEADER = YES;
				GCC_PREFIX_HEADER = OCSNG_Prefix.pch;
				GCC_VERSION = 4.0;
				INFOPLIST_FILE = Info.plist;
				OBJROOT = build;
				PRODUCT_NAME = OCSNG;
				SDKROOT = "$(DEVELOPER_SDK_DIR)/MacOSX10.6.sdk";
				SYMROOT = build;
				WRAPPER_EXTENSION = app;
				ZERO_LINK = "";
			};
			name = Release;
		};
		C01FCF4F08A954540054247B /* Debug */ = {
			isa = XCBuildConfiguration;
			buildSettings = {
				ARCHS = (
					i386,
					ppc,
				);
				GCC_WARN_ABOUT_RETURN_TYPE = YES;
				GCC_WARN_UNUSED_VARIABLE = YES;
				INSTALL_GROUP = $USER;
				INSTALL_MODE_FLAG = "a-rwx,u+rwx,g+rwx";
				INSTALL_OWNER = $GROUP;
				PREBINDING = NO;
				SDKROOT = "$(DEVELOPER_SDK_DIR)/MacOSX10.4u.sdk";
				VALID_ARCHS = "ppc64 ppc7400 ppc970 i386 x86_64 ppc";
			};
			name = Debug;
		};
		C01FCF5008A954540054247B /* Release */ = {
			isa = XCBuildConfiguration;
			buildSettings = {
				ARCHS = (
					i386,
					ppc,
					x86_64,
				);
				DEPLOYMENT_LOCATION = YES;
				DSTROOT = "/tmp/$(PROJECT_NAME).dst";
				FRAMEWORK_SEARCH_PATHS = "";
				GCC_GENERATE_DEBUGGING_SYMBOLS = YES;
				GCC_WARN_ABOUT_RETURN_TYPE = YES;
				GCC_WARN_UNUSED_VARIABLE = YES;
				HEADER_SEARCH_PATHS = "";
				INSTALL_GROUP = _ocsng;
				INSTALL_MODE_FLAG = "a-w,ug+rx,o-rwx";
				INSTALL_OWNER = _ocsng;
				INSTALL_PATH = /Applications;
				LD_MAP_FILE_PATH = "$(TARGET_TEMP_DIR)/$(PRODUCT_NAME)-LinkMap-$(CURRENT_VARIANT)-$(CURRENT_ARCH).txt";
				MACOSX_DEPLOYMENT_TARGET = 10.4;
				PREBINDING = NO;
				SDKROOT = macosx;
			};
			name = Release;
		};
/* End XCBuildConfiguration section */

/* Begin XCConfigurationList section */
		06D657A9134FD99800981FE3 /* Build configuration list for PBXNativeTarget "ocscontact" */ = {
			isa = XCConfigurationList;
			buildConfigurations = (
				06D657AA134FD99800981FE3 /* Debug */,
				06D657AB134FD99800981FE3 /* Release */,
			);
			defaultConfigurationIsVisible = 0;
			defaultConfigurationName = Release;
		};
		C01FCF4A08A954540054247B /* Build configuration list for PBXNativeTarget "OCSNG" */ = {
			isa = XCConfigurationList;
			buildConfigurations = (
				C01FCF4B08A954540054247B /* Debug */,
				C01FCF4C08A954540054247B /* Release */,
			);
			defaultConfigurationIsVisible = 0;
			defaultConfigurationName = Release;
		};
		C01FCF4E08A954540054247B /* Build configuration list for PBXProject "OCSNG" */ = {
			isa = XCConfigurationList;
			buildConfigurations = (
				C01FCF4F08A954540054247B /* Debug */,
				C01FCF5008A954540054247B /* Release */,
			);
			defaultConfigurationIsVisible = 0;
			defaultConfigurationName = Release;
		};
/* End XCConfigurationList section */
	};
	rootObject = 29B97313FDCFA39411CA2CEA /* Project object */;
}
